
Microsoft Visual Studio Solution File, Format Version 12.00
# Visual Studio Version 17
VisualStudioVersion = 17.9.34607.119
MinimumVisualStudioVersion = 10.0.40219.1
Project("{9A19103F-16F7-4668-BE54-9A1E7A4F7556}") = "Lottery", "Lottery\Lottery.csproj", "{E2144AA0-1A80-4AD6-A3A4-70BCD2BBB5BA}"
EndProject
Global
	GlobalSection(SolutionConfigurationPlatforms) = preSolution
		Debug|Any CPU = Debug|Any CPU
		Release|Any CPU = Release|Any CPU
	EndGlobalSection
	GlobalSection(ProjectConfigurationPlatforms) = postSolution
		{E2144AA0-1A80-4AD6-A3A4-70BCD2BBB5BA}.Debug|Any CPU.ActiveCfg = Debug|Any CPU
		{E2144AA0-1A80-4AD6-A3A4-70BCD2BBB5BA}.Debug|Any CPU.Build.0 = Debug|Any CPU
		{E2144AA0-1A80-4AD6-A3A4-70BCD2BBB5BA}.Debug|Any CPU.Deploy.0 = Debug|Any CPU
		{E2144AA0-1A80-4AD6-A3A4-70BCD2BBB5BA}.Release|Any CPU.ActiveCfg = Release|Any CPU
		{E2144AA0-1A80-4AD6-A3A4-70BCD2BBB5BA}.Release|Any CPU.Build.0 = Release|Any CPU
		{E2144AA0-1A80-4AD6-A3A4-70BCD2BBB5BA}.Release|Any CPU.Deploy.0 = Release|Any CPU
	EndGlobalSection
	GlobalSection(SolutionProperties) = preSolution
		HideSolutionNode = FALSE
	EndGlobalSection
	GlobalSection(ExtensibilityGlobals) = postSolution
		SolutionGuid = {1A8A9853-413A-4FB7-835D-9108617C02EA}
	EndGlobalSection
EndGlobal
